
Microsoft Visual Studio Solution File, Format Version 12.00
Project("{FAE04EC0-301F-11D3-BF4B-00C04F79EFBC}") = "gRPC_MailServer", "gRPC_MailServer\gRPC_MailServer.csproj", "{85A6F4A6-1A93-4BDC-9712-133AB914D283}"
EndProject
Project("{FAE04EC0-301F-11D3-BF4B-00C04F79EFBC}") = "gRPC_MailClient", "gRPC_MailClient\gRPC_MailClient.csproj", "{87A6E119-DAB8-4109-802D-1E583A31DAF4}"
EndProject
Global
	GlobalSection(SolutionConfigurationPlatforms) = preSolution
		Debug|Any CPU = Debug|Any CPU
		Release|Any CPU = Release|Any CPU
	EndGlobalSection
	GlobalSection(ProjectConfigurationPlatforms) = postSolution
		{85A6F4A6-1A93-4BDC-9712-133AB914D283}.Debug|Any CPU.ActiveCfg = Debug|Any CPU
		{85A6F4A6-1A93-4BDC-9712-133AB914D283}.Debug|Any CPU.Build.0 = Debug|Any CPU
		{85A6F4A6-1A93-4BDC-9712-133AB914D283}.Release|Any CPU.ActiveCfg = Release|Any CPU
		{85A6F4A6-1A93-4BDC-9712-133AB914D283}.Release|Any CPU.Build.0 = Release|Any CPU
		{87A6E119-DAB8-4109-802D-1E583A31DAF4}.Debug|Any CPU.ActiveCfg = Debug|Any CPU
		{87A6E119-DAB8-4109-802D-1E583A31DAF4}.Debug|Any CPU.Build.0 = Debug|Any CPU
		{87A6E119-DAB8-4109-802D-1E583A31DAF4}.Release|Any CPU.ActiveCfg = Release|Any CPU
		{87A6E119-DAB8-4109-802D-1E583A31DAF4}.Release|Any CPU.Build.0 = Release|Any CPU
	EndGlobalSection
EndGlobal
